
Microsoft Visual Studio Solution File, Format Version 12.00
# Visual Studio 15
VisualStudioVersion = 15.0.27703.2047
MinimumVisualStudioVersion = 10.0.40219.1
Project("{FAE04EC0-301F-11D3-BF4B-00C04F79EFBC}") = "Ejercicio_01", "Ejercicio_01\Ejercicio_01.csproj", "{A80C592E-8678-4992-8E11-0BA5B1521EA5}"
EndProject
Project("{FAE04EC0-301F-11D3-BF4B-00C04F79EFBC}") = "Ejercicio_02", "Ejercicio_02\Ejercicio_02.csproj", "{DA89A6EA-2A74-49DC-9087-1DB0D0746952}"
EndProject
Project("{FAE04EC0-301F-11D3-BF4B-00C04F79EFBC}") = "Clase_02", "clase _02\Clase_02.csproj", "{0ABC4206-4C10-4F52-BD4E-91722F4561F6}"
EndProject
Project("{9A19103F-16F7-4668-BE54-9A1E7A4F7556}") = "Mi_libreria", "Mi_libreria\Mi_libreria.csproj", "{2ECB3185-E6EE-4B0E-98D7-00C91552A047}"
EndProject
Project("{9A19103F-16F7-4668-BE54-9A1E7A4F7556}") = "Clase_02.Entidades", "Clase02.Entidades\Clase_02.Entidades.csproj", "{89C7240B-4639-4F41-95DB-2122DE5D37F6}"
EndProject
Project("{FAE04EC0-301F-11D3-BF4B-00C04F79EFBC}") = "Ejercicio_03", "Ejercicio_03\Ejercicio_03.csproj", "{61654F90-F2BA-4BDB-B69D-281648E0EE31}"
EndProject
Project("{FAE04EC0-301F-11D3-BF4B-00C04F79EFBC}") = "Clase_03", "Clase_ 03\Clase_03.csproj", "{A8B4DC45-EE70-4928-8E15-52EF7C3C0003}"
EndProject
Project("{FAE04EC0-301F-11D3-BF4B-00C04F79EFBC}") = "Clase_01", "Clase_01\Clase_01.csproj", "{EB1C5B22-CDB7-4962-BBEE-79B6666BF378}"
EndProject
Project("{9A19103F-16F7-4668-BE54-9A1E7A4F7556}") = "Clase_04.Entidades", "Clase_04.Entidades\Clase_04.Entidades.csproj", "{EA41F05D-8C8C-447F-A461-569E854D188E}"
EndProject
Project("{FAE04EC0-301F-11D3-BF4B-00C04F79EFBC}") = "Clase_04", "Clase_04\Clase_04.csproj", "{A02488C4-A4D5-4AE8-94F8-2B567217C65C}"
EndProject
Project("{FAE04EC0-301F-11D3-BF4B-00C04F79EFBC}") = "Clase_04.WindowsForms", "Clase_04.WindowsForms\Clase_04.WindowsForms.csproj", "{88214A1C-0E68-4053-B89D-81BE21F6B451}"
EndProject
Project("{FAE04EC0-301F-11D3-BF4B-00C04F79EFBC}") = "Ejercicio_04", "Ejercicio_04\Ejercicio_04.csproj", "{A94CE031-FFCD-48CA-8DC7-8E4CEA408201}"
EndProject
Project("{FAE04EC0-301F-11D3-BF4B-00C04F79EFBC}") = "Ejercicio_05", "Ejercicio_05\Ejercicio_05.csproj", "{A642C8D0-6DC5-4F91-87D8-88FB524927E4}"
EndProject
Project("{FAE04EC0-301F-11D3-BF4B-00C04F79EFBC}") = "Ejercicio_06", "Ejercicio_06\Ejercicio_06.csproj", "{97E88E30-91CB-4349-841D-F23AA8678696}"
EndProject
Project("{FAE04EC0-301F-11D3-BF4B-00C04F79EFBC}") = "Clase_05.Entidades", "Clase_05.Entidades\Clase_05.Entidades.csproj", "{5E93B69A-9F5E-4771-B079-D3F39F04FD28}"
EndProject
Project("{FAE04EC0-301F-11D3-BF4B-00C04F79EFBC}") = "Ejercicio_07", "Ejercicio_07\Ejercicio_07.csproj", "{98DB1AB6-4088-4A73-9868-171E4DFFF8A8}"
EndProject
Project("{FAE04EC0-301F-11D3-BF4B-00C04F79EFBC}") = "Clase_05", "Clase_05\Clase_05.csproj", "{7A0FE7ED-751B-45F8-95CA-C2DE8C2F159E}"
EndProject
Project("{FAE04EC0-301F-11D3-BF4B-00C04F79EFBC}") = "Clase_06.Entidades", "Clase.06.Entidades\Clase_06.Entidades.csproj", "{CA5553FC-0E43-4A3E-A892-BA2573CA6857}"
EndProject
Project("{FAE04EC0-301F-11D3-BF4B-00C04F79EFBC}") = "Clase_06", "Clase_06\Clase_06.csproj", "{254BCA49-8FAE-46BD-ADD2-5D48FC24A41F}"
EndProject
Project("{FAE04EC0-301F-11D3-BF4B-00C04F79EFBC}") = "Ejercicio_08", "Ejercicio_08\Ejercicio_08.csproj", "{DF43FFCB-E35E-4948-A177-DD2EB0C5FBAC}"
EndProject
Project("{FAE04EC0-301F-11D3-BF4B-00C04F79EFBC}") = "Ejercicio_09", "Ejercicio_09\Ejercicio_09.csproj", "{9F8B134A-FAB5-4103-934D-F95AD3EB3E0B}"
EndProject
Project("{FAE04EC0-301F-11D3-BF4B-00C04F79EFBC}") = "Ejercicio_10", "Ejercicio_10\Ejercicio_10.csproj", "{83CE50D4-FA8E-445C-9BF5-5CAE71BB8160}"
EndProject
Project("{FAE04EC0-301F-11D3-BF4B-00C04F79EFBC}") = "Ejercicio_11", "Ejercicio_11\Ejercicio_11.csproj", "{2E9C2AB8-2481-446F-9E93-2183B2EFD1A1}"
EndProject
Project("{FAE04EC0-301F-11D3-BF4B-00C04F79EFBC}") = "Ejercicio_12", "Ejercicio_12\Ejercicio_12.csproj", "{A08AD2B0-6383-4E30-9924-4103F7B05E85}"
EndProject
Project("{FAE04EC0-301F-11D3-BF4B-00C04F79EFBC}") = "Ejercicio_13", "Ejercicio_13\Ejercicio_13.csproj", "{31C2FD9B-2D90-48D6-96B0-A718A6A739D8}"
EndProject
Project("{FAE04EC0-301F-11D3-BF4B-00C04F79EFBC}") = "Ejercicio_14", "Ejercicio_14\Ejercicio_14.csproj", "{2F7E3FC9-DE4C-489A-81A1-2E6CA61D30EF}"
EndProject
Project("{FAE04EC0-301F-11D3-BF4B-00C04F79EFBC}") = "Ejercicio_15(no terminado)", "Ejercicio_15\Ejercicio_15(no terminado).csproj", "{830245AB-1319-4618-B4FE-AE571DDE0960}"
EndProject
Project("{FAE04EC0-301F-11D3-BF4B-00C04F79EFBC}") = "Clase_07_y_08", "Clase_07\Clase_07_y_08.csproj", "{7B9AED19-1E00-48F7-BBD1-7B4C572727AA}"
EndProject
Project("{FAE04EC0-301F-11D3-BF4B-00C04F79EFBC}") = "Clase_09.Entidades", "Clase_09.Entidades\Clase_09.Entidades.csproj", "{5F2502D5-7047-4315-99E9-8B9CD46C40C6}"
EndProject
Project("{FAE04EC0-301F-11D3-BF4B-00C04F79EFBC}") = "Clase_09", "Clase_09\Clase_09.csproj", "{88CCFDD9-8B59-42DE-9642-432943113730}"
EndProject
Project("{FAE04EC0-301F-11D3-BF4B-00C04F79EFBC}") = "Clase_10y11.Entidades", "Clase_10.Entidades\Clase_10y11.Entidades.csproj", "{FCEF9E47-80D3-46A4-9214-22F21028A58E}"
EndProject
Project("{FAE04EC0-301F-11D3-BF4B-00C04F79EFBC}") = "Clase_10y11", "Clase_10\Clase_10y11.csproj", "{F02A98CE-FAB4-48F9-BFBE-FEDDE92FE7B8}"
EndProject
Global
	GlobalSection(SolutionConfigurationPlatforms) = preSolution
		Debug|Any CPU = Debug|Any CPU
		Release|Any CPU = Release|Any CPU
	EndGlobalSection
	GlobalSection(ProjectConfigurationPlatforms) = postSolution
		{A80C592E-8678-4992-8E11-0BA5B1521EA5}.Debug|Any CPU.ActiveCfg = Debug|Any CPU
		{A80C592E-8678-4992-8E11-0BA5B1521EA5}.Debug|Any CPU.Build.0 = Debug|Any CPU
		{A80C592E-8678-4992-8E11-0BA5B1521EA5}.Release|Any CPU.ActiveCfg = Release|Any CPU
		{A80C592E-8678-4992-8E11-0BA5B1521EA5}.Release|Any CPU.Build.0 = Release|Any CPU
		{DA89A6EA-2A74-49DC-9087-1DB0D0746952}.Debug|Any CPU.ActiveCfg = Debug|Any CPU
		{DA89A6EA-2A74-49DC-9087-1DB0D0746952}.Debug|Any CPU.Build.0 = Debug|Any CPU
		{DA89A6EA-2A74-49DC-9087-1DB0D0746952}.Release|Any CPU.ActiveCfg = Release|Any CPU
		{DA89A6EA-2A74-49DC-9087-1DB0D0746952}.Release|Any CPU.Build.0 = Release|Any CPU
		{0ABC4206-4C10-4F52-BD4E-91722F4561F6}.Debug|Any CPU.ActiveCfg = Debug|Any CPU
		{0ABC4206-4C10-4F52-BD4E-91722F4561F6}.Debug|Any CPU.Build.0 = Debug|Any CPU
		{0ABC4206-4C10-4F52-BD4E-91722F4561F6}.Release|Any CPU.ActiveCfg = Release|Any CPU
		{0ABC4206-4C10-4F52-BD4E-91722F4561F6}.Release|Any CPU.Build.0 = Release|Any CPU
		{2ECB3185-E6EE-4B0E-98D7-00C91552A047}.Debug|Any CPU.ActiveCfg = Debug|Any CPU
		{2ECB3185-E6EE-4B0E-98D7-00C91552A047}.Debug|Any CPU.Build.0 = Debug|Any CPU
		{2ECB3185-E6EE-4B0E-98D7-00C91552A047}.Release|Any CPU.ActiveCfg = Release|Any CPU
		{2ECB3185-E6EE-4B0E-98D7-00C91552A047}.Release|Any CPU.Build.0 = Release|Any CPU
		{89C7240B-4639-4F41-95DB-2122DE5D37F6}.Debug|Any CPU.ActiveCfg = Debug|Any CPU
		{89C7240B-4639-4F41-95DB-2122DE5D37F6}.Debug|Any CPU.Build.0 = Debug|Any CPU
		{89C7240B-4639-4F41-95DB-2122DE5D37F6}.Release|Any CPU.ActiveCfg = Release|Any CPU
		{89C7240B-4639-4F41-95DB-2122DE5D37F6}.Release|Any CPU.Build.0 = Release|Any CPU
		{61654F90-F2BA-4BDB-B69D-281648E0EE31}.Debug|Any CPU.ActiveCfg = Debug|Any CPU
		{61654F90-F2BA-4BDB-B69D-281648E0EE31}.Debug|Any CPU.Build.0 = Debug|Any CPU
		{61654F90-F2BA-4BDB-B69D-281648E0EE31}.Release|Any CPU.ActiveCfg = Release|Any CPU
		{61654F90-F2BA-4BDB-B69D-281648E0EE31}.Release|Any CPU.Build.0 = Release|Any CPU
		{A8B4DC45-EE70-4928-8E15-52EF7C3C0003}.Debug|Any CPU.ActiveCfg = Debug|Any CPU
		{A8B4DC45-EE70-4928-8E15-52EF7C3C0003}.Debug|Any CPU.Build.0 = Debug|Any CPU
		{A8B4DC45-EE70-4928-8E15-52EF7C3C0003}.Release|Any CPU.ActiveCfg = Release|Any CPU
		{A8B4DC45-EE70-4928-8E15-52EF7C3C0003}.Release|Any CPU.Build.0 = Release|Any CPU
		{EB1C5B22-CDB7-4962-BBEE-79B6666BF378}.Debug|Any CPU.ActiveCfg = Debug|Any CPU
		{EB1C5B22-CDB7-4962-BBEE-79B6666BF378}.Debug|Any CPU.Build.0 = Debug|Any CPU
		{EB1C5B22-CDB7-4962-BBEE-79B6666BF378}.Release|Any CPU.ActiveCfg = Release|Any CPU
		{EB1C5B22-CDB7-4962-BBEE-79B6666BF378}.Release|Any CPU.Build.0 = Release|Any CPU
		{EA41F05D-8C8C-447F-A461-569E854D188E}.Debug|Any CPU.ActiveCfg = Debug|Any CPU
		{EA41F05D-8C8C-447F-A461-569E854D188E}.Debug|Any CPU.Build.0 = Debug|Any CPU
		{EA41F05D-8C8C-447F-A461-569E854D188E}.Release|Any CPU.ActiveCfg = Release|Any CPU
		{EA41F05D-8C8C-447F-A461-569E854D188E}.Release|Any CPU.Build.0 = Release|Any CPU
		{A02488C4-A4D5-4AE8-94F8-2B567217C65C}.Debug|Any CPU.ActiveCfg = Debug|Any CPU
		{A02488C4-A4D5-4AE8-94F8-2B567217C65C}.Debug|Any CPU.Build.0 = Debug|Any CPU
		{A02488C4-A4D5-4AE8-94F8-2B567217C65C}.Release|Any CPU.ActiveCfg = Release|Any CPU
		{A02488C4-A4D5-4AE8-94F8-2B567217C65C}.Release|Any CPU.Build.0 = Release|Any CPU
		{88214A1C-0E68-4053-B89D-81BE21F6B451}.Debug|Any CPU.ActiveCfg = Debug|Any CPU
		{88214A1C-0E68-4053-B89D-81BE21F6B451}.Debug|Any CPU.Build.0 = Debug|Any CPU
		{88214A1C-0E68-4053-B89D-81BE21F6B451}.Release|Any CPU.ActiveCfg = Release|Any CPU
		{88214A1C-0E68-4053-B89D-81BE21F6B451}.Release|Any CPU.Build.0 = Release|Any CPU
		{A94CE031-FFCD-48CA-8DC7-8E4CEA408201}.Debug|Any CPU.ActiveCfg = Debug|Any CPU
		{A94CE031-FFCD-48CA-8DC7-8E4CEA408201}.Debug|Any CPU.Build.0 = Debug|Any CPU
		{A94CE031-FFCD-48CA-8DC7-8E4CEA408201}.Release|Any CPU.ActiveCfg = Release|Any CPU
		{A94CE031-FFCD-48CA-8DC7-8E4CEA408201}.Release|Any CPU.Build.0 = Release|Any CPU
		{A642C8D0-6DC5-4F91-87D8-88FB524927E4}.Debug|Any CPU.ActiveCfg = Debug|Any CPU
		{A642C8D0-6DC5-4F91-87D8-88FB524927E4}.Debug|Any CPU.Build.0 = Debug|Any CPU
		{A642C8D0-6DC5-4F91-87D8-88FB524927E4}.Release|Any CPU.ActiveCfg = Release|Any CPU
		{A642C8D0-6DC5-4F91-87D8-88FB524927E4}.Release|Any CPU.Build.0 = Release|Any CPU
		{97E88E30-91CB-4349-841D-F23AA8678696}.Debug|Any CPU.ActiveCfg = Debug|Any CPU
		{97E88E30-91CB-4349-841D-F23AA8678696}.Debug|Any CPU.Build.0 = Debug|Any CPU
		{97E88E30-91CB-4349-841D-F23AA8678696}.Release|Any CPU.ActiveCfg = Release|Any CPU
		{97E88E30-91CB-4349-841D-F23AA8678696}.Release|Any CPU.Build.0 = Release|Any CPU
		{5E93B69A-9F5E-4771-B079-D3F39F04FD28}.Debug|Any CPU.ActiveCfg = Debug|Any CPU
		{5E93B69A-9F5E-4771-B079-D3F39F04FD28}.Debug|Any CPU.Build.0 = Debug|Any CPU
		{5E93B69A-9F5E-4771-B079-D3F39F04FD28}.Release|Any CPU.ActiveCfg = Release|Any CPU
		{5E93B69A-9F5E-4771-B079-D3F39F04FD28}.Release|Any CPU.Build.0 = Release|Any CPU
		{98DB1AB6-4088-4A73-9868-171E4DFFF8A8}.Debug|Any CPU.ActiveCfg = Debug|Any CPU
		{98DB1AB6-4088-4A73-9868-171E4DFFF8A8}.Debug|Any CPU.Build.0 = Debug|Any CPU
		{98DB1AB6-4088-4A73-9868-171E4DFFF8A8}.Release|Any CPU.ActiveCfg = Release|Any CPU
		{98DB1AB6-4088-4A73-9868-171E4DFFF8A8}.Release|Any CPU.Build.0 = Release|Any CPU
		{7A0FE7ED-751B-45F8-95CA-C2DE8C2F159E}.Debug|Any CPU.ActiveCfg = Debug|Any CPU
		{7A0FE7ED-751B-45F8-95CA-C2DE8C2F159E}.Debug|Any CPU.Build.0 = Debug|Any CPU
		{7A0FE7ED-751B-45F8-95CA-C2DE8C2F159E}.Release|Any CPU.ActiveCfg = Release|Any CPU
		{7A0FE7ED-751B-45F8-95CA-C2DE8C2F159E}.Release|Any CPU.Build.0 = Release|Any CPU
		{CA5553FC-0E43-4A3E-A892-BA2573CA6857}.Debug|Any CPU.ActiveCfg = Debug|Any CPU
		{CA5553FC-0E43-4A3E-A892-BA2573CA6857}.Debug|Any CPU.Build.0 = Debug|Any CPU
		{CA5553FC-0E43-4A3E-A892-BA2573CA6857}.Release|Any CPU.ActiveCfg = Release|Any CPU
		{CA5553FC-0E43-4A3E-A892-BA2573CA6857}.Release|Any CPU.Build.0 = Release|Any CPU
		{254BCA49-8FAE-46BD-ADD2-5D48FC24A41F}.Debug|Any CPU.ActiveCfg = Debug|Any CPU
		{254BCA49-8FAE-46BD-ADD2-5D48FC24A41F}.Debug|Any CPU.Build.0 = Debug|Any CPU
		{254BCA49-8FAE-46BD-ADD2-5D48FC24A41F}.Release|Any CPU.ActiveCfg = Release|Any CPU
		{254BCA49-8FAE-46BD-ADD2-5D48FC24A41F}.Release|Any CPU.Build.0 = Release|Any CPU
		{DF43FFCB-E35E-4948-A177-DD2EB0C5FBAC}.Debug|Any CPU.ActiveCfg = Debug|Any CPU
		{DF43FFCB-E35E-4948-A177-DD2EB0C5FBAC}.Debug|Any CPU.Build.0 = Debug|Any CPU
		{DF43FFCB-E35E-4948-A177-DD2EB0C5FBAC}.Release|Any CPU.ActiveCfg = Release|Any CPU
		{DF43FFCB-E35E-4948-A177-DD2EB0C5FBAC}.Release|Any CPU.Build.0 = Release|Any CPU
		{9F8B134A-FAB5-4103-934D-F95AD3EB3E0B}.Debug|Any CPU.ActiveCfg = Debug|Any CPU
		{9F8B134A-FAB5-4103-934D-F95AD3EB3E0B}.Debug|Any CPU.Build.0 = Debug|Any CPU
		{9F8B134A-FAB5-4103-934D-F95AD3EB3E0B}.Release|Any CPU.ActiveCfg = Release|Any CPU
		{9F8B134A-FAB5-4103-934D-F95AD3EB3E0B}.Release|Any CPU.Build.0 = Release|Any CPU
		{83CE50D4-FA8E-445C-9BF5-5CAE71BB8160}.Debug|Any CPU.ActiveCfg = Debug|Any CPU
		{83CE50D4-FA8E-445C-9BF5-5CAE71BB8160}.Debug|Any CPU.Build.0 = Debug|Any CPU
		{83CE50D4-FA8E-445C-9BF5-5CAE71BB8160}.Release|Any CPU.ActiveCfg = Release|Any CPU
		{83CE50D4-FA8E-445C-9BF5-5CAE71BB8160}.Release|Any CPU.Build.0 = Release|Any CPU
		{2E9C2AB8-2481-446F-9E93-2183B2EFD1A1}.Debug|Any CPU.ActiveCfg = Debug|Any CPU
		{2E9C2AB8-2481-446F-9E93-2183B2EFD1A1}.Debug|Any CPU.Build.0 = Debug|Any CPU
		{2E9C2AB8-2481-446F-9E93-2183B2EFD1A1}.Release|Any CPU.ActiveCfg = Release|Any CPU
		{2E9C2AB8-2481-446F-9E93-2183B2EFD1A1}.Release|Any CPU.Build.0 = Release|Any CPU
		{A08AD2B0-6383-4E30-9924-4103F7B05E85}.Debug|Any CPU.ActiveCfg = Debug|Any CPU
		{A08AD2B0-6383-4E30-9924-4103F7B05E85}.Debug|Any CPU.Build.0 = Debug|Any CPU
		{A08AD2B0-6383-4E30-9924-4103F7B05E85}.Release|Any CPU.ActiveCfg = Release|Any CPU
		{A08AD2B0-6383-4E30-9924-4103F7B05E85}.Release|Any CPU.Build.0 = Release|Any CPU
		{31C2FD9B-2D90-48D6-96B0-A718A6A739D8}.Debug|Any CPU.ActiveCfg = Debug|Any CPU
		{31C2FD9B-2D90-48D6-96B0-A718A6A739D8}.Debug|Any CPU.Build.0 = Debug|Any CPU
		{31C2FD9B-2D90-48D6-96B0-A718A6A739D8}.Release|Any CPU.ActiveCfg = Release|Any CPU
		{31C2FD9B-2D90-48D6-96B0-A718A6A739D8}.Release|Any CPU.Build.0 = Release|Any CPU
		{2F7E3FC9-DE4C-489A-81A1-2E6CA61D30EF}.Debug|Any CPU.ActiveCfg = Debug|Any CPU
		{2F7E3FC9-DE4C-489A-81A1-2E6CA61D30EF}.Debug|Any CPU.Build.0 = Debug|Any CPU
		{2F7E3FC9-DE4C-489A-81A1-2E6CA61D30EF}.Release|Any CPU.ActiveCfg = Release|Any CPU
		{2F7E3FC9-DE4C-489A-81A1-2E6CA61D30EF}.Release|Any CPU.Build.0 = Release|Any CPU
		{830245AB-1319-4618-B4FE-AE571DDE0960}.Debug|Any CPU.ActiveCfg = Debug|Any CPU
		{830245AB-1319-4618-B4FE-AE571DDE0960}.Debug|Any CPU.Build.0 = Debug|Any CPU
		{830245AB-1319-4618-B4FE-AE571DDE0960}.Release|Any CPU.ActiveCfg = Release|Any CPU
		{830245AB-1319-4618-B4FE-AE571DDE0960}.Release|Any CPU.Build.0 = Release|Any CPU
		{7B9AED19-1E00-48F7-BBD1-7B4C572727AA}.Debug|Any CPU.ActiveCfg = Debug|Any CPU
		{7B9AED19-1E00-48F7-BBD1-7B4C572727AA}.Debug|Any CPU.Build.0 = Debug|Any CPU
		{7B9AED19-1E00-48F7-BBD1-7B4C572727AA}.Release|Any CPU.ActiveCfg = Release|Any CPU
		{7B9AED19-1E00-48F7-BBD1-7B4C572727AA}.Release|Any CPU.Build.0 = Release|Any CPU
		{5F2502D5-7047-4315-99E9-8B9CD46C40C6}.Debug|Any CPU.ActiveCfg = Debug|Any CPU
		{5F2502D5-7047-4315-99E9-8B9CD46C40C6}.Debug|Any CPU.Build.0 = Debug|Any CPU
		{5F2502D5-7047-4315-99E9-8B9CD46C40C6}.Release|Any CPU.ActiveCfg = Release|Any CPU
		{5F2502D5-7047-4315-99E9-8B9CD46C40C6}.Release|Any CPU.Build.0 = Release|Any CPU
		{88CCFDD9-8B59-42DE-9642-432943113730}.Debug|Any CPU.ActiveCfg = Debug|Any CPU
		{88CCFDD9-8B59-42DE-9642-432943113730}.Debug|Any CPU.Build.0 = Debug|Any CPU
		{88CCFDD9-8B59-42DE-9642-432943113730}.Release|Any CPU.ActiveCfg = Release|Any CPU
		{88CCFDD9-8B59-42DE-9642-432943113730}.Release|Any CPU.Build.0 = Release|Any CPU
		{FCEF9E47-80D3-46A4-9214-22F21028A58E}.Debug|Any CPU.ActiveCfg = Debug|Any CPU
		{FCEF9E47-80D3-46A4-9214-22F21028A58E}.Debug|Any CPU.Build.0 = Debug|Any CPU
		{FCEF9E47-80D3-46A4-9214-22F21028A58E}.Release|Any CPU.ActiveCfg = Release|Any CPU
		{FCEF9E47-80D3-46A4-9214-22F21028A58E}.Release|Any CPU.Build.0 = Release|Any CPU
		{F02A98CE-FAB4-48F9-BFBE-FEDDE92FE7B8}.Debug|Any CPU.ActiveCfg = Debug|Any CPU
		{F02A98CE-FAB4-48F9-BFBE-FEDDE92FE7B8}.Debug|Any CPU.Build.0 = Debug|Any CPU
		{F02A98CE-FAB4-48F9-BFBE-FEDDE92FE7B8}.Release|Any CPU.ActiveCfg = Release|Any CPU
		{F02A98CE-FAB4-48F9-BFBE-FEDDE92FE7B8}.Release|Any CPU.Build.0 = Release|Any CPU
	EndGlobalSection
	GlobalSection(SolutionProperties) = preSolution
		HideSolutionNode = FALSE
	EndGlobalSection
	GlobalSection(ExtensibilityGlobals) = postSolution
		SolutionGuid = {773A5AB9-2F70-4092-B9BC-1695821456F4}
	EndGlobalSection
EndGlobal
