
Microsoft Visual Studio Solution File, Format Version 12.00
# Visual Studio 15
VisualStudioVersion = 15.0.28307.779
MinimumVisualStudioVersion = 10.0.40219.1
Project("{FAE04EC0-301F-11D3-BF4B-00C04F79EFBC}") = "ejercicio 1.1.1", "ejercicio 1.1.1\ejercicio 1.1.1.csproj", "{04F3A885-C715-4144-855D-38C32E1750D9}"
EndProject
Project("{FAE04EC0-301F-11D3-BF4B-00C04F79EFBC}") = "ejercicio 1.3.1", "ejercicio 1.3.1\ejercicio 1.3.1.csproj", "{266C7678-8CC7-4FEF-84E1-F888A6D5F6F0}"
EndProject
Project("{FAE04EC0-301F-11D3-BF4B-00C04F79EFBC}") = "ejercicio 1.3.2", "ejercicio 1.3.2\ejercicio 1.3.2.csproj", "{58E99FE7-4010-406D-B397-5FB29CC59CED}"
EndProject
Project("{FAE04EC0-301F-11D3-BF4B-00C04F79EFBC}") = "ejercicio 1.4.1.1", "Ejercicio 1.4.1.1\ejercicio 1.4.1.1.csproj", "{50761ADE-7D61-47E5-993B-03F24ACBC53A}"
EndProject
Project("{FAE04EC0-301F-11D3-BF4B-00C04F79EFBC}") = "ejercicio 1.4.1.2", "ejercicio 1.4.1.2\ejercicio 1.4.1.2.csproj", "{C5AEA2D8-825C-414E-9531-B0E0EC985364}"
EndProject
Project("{FAE04EC0-301F-11D3-BF4B-00C04F79EFBC}") = "ejercicio 1.4.1.3", "ejercicio 1.4.1.3\ejercicio 1.4.1.3.csproj", "{474D792E-06E2-4212-AB17-A229BD5C0C0C}"
EndProject
Project("{FAE04EC0-301F-11D3-BF4B-00C04F79EFBC}") = "ejercicio 1.4.1.4", "ejercicio 1.4.1.4\ejercicio 1.4.1.4.csproj", "{CF6006ED-2F16-4479-9F34-FAE7DFF2EC1A}"
EndProject
Project("{FAE04EC0-301F-11D3-BF4B-00C04F79EFBC}") = "ejercicio 1.4.2.1", "ejercicio 1.4.2.1\ejercicio 1.4.2.1.csproj", "{2EB93D14-5603-44AC-AFCB-F02DF6BC06F6}"
EndProject
Project("{FAE04EC0-301F-11D3-BF4B-00C04F79EFBC}") = "ejercicio 1.4.2.2", "ejercicio 1.4.2.2\ejercicio 1.4.2.2.csproj", "{92089C7D-5FB1-44C3-8485-3982AED0434C}"
EndProject
Project("{FAE04EC0-301F-11D3-BF4B-00C04F79EFBC}") = "ejercicio 1.4.2.3", "ejercicio 1.4.2.3\ejercicio 1.4.2.3.csproj", "{A3911369-8A79-4040-9D40-15B5D2EC9A46}"
EndProject
Project("{FAE04EC0-301F-11D3-BF4B-00C04F79EFBC}") = "ejercicio 1.4.2.4", "ejercicio 1.4.2.4\ejercicio 1.4.2.4.csproj", "{3FC0A496-D08A-44B3-9B7B-159C197E0262}"
EndProject
Project("{FAE04EC0-301F-11D3-BF4B-00C04F79EFBC}") = "ejercicio 1.5.3.1", "ejercicio 1.5.3.1\ejercicio 1.5.3.1.csproj", "{8DCDE9AC-1064-4DB3-9588-0B9103BDC69F}"
EndProject
Project("{FAE04EC0-301F-11D3-BF4B-00C04F79EFBC}") = "ejercicio 1.5.3.2", "ejercicio 1.5.3.2\ejercicio 1.5.3.2.csproj", "{609367B4-47C6-4753-92D7-20AA9DCEAD63}"
EndProject
Project("{FAE04EC0-301F-11D3-BF4B-00C04F79EFBC}") = "ejercicio 1.5.3.3", "ejercicio 1.5.3.3\ejercicio 1.5.3.3.csproj", "{6C18C720-9C9B-4AF2-BA28-F623341C871E}"
EndProject
Project("{FAE04EC0-301F-11D3-BF4B-00C04F79EFBC}") = "ejercicio 1.8.1", "ejercicio 1.8.1\ejercicio 1.8.1.csproj", "{B801E135-DA54-4969-9093-480F97936447}"
EndProject
Project("{FAE04EC0-301F-11D3-BF4B-00C04F79EFBC}") = "ejercicio 1.8.2", "ejercicio 1.8.2\ejercicio 1.8.2.csproj", "{18B3CA2F-8D71-49DE-9697-DCA7E5E0D660}"
EndProject
Project("{FAE04EC0-301F-11D3-BF4B-00C04F79EFBC}") = "ejercicio 2.1.1.1", "ejercicio 2.1.1.1\ejercicio 2.1.1.1.csproj", "{541CB274-E783-414F-9BFA-0C105590C06C}"
EndProject
Project("{FAE04EC0-301F-11D3-BF4B-00C04F79EFBC}") = "ejercicio 2.1.1.2", "ejercicio 2.1.1.2\ejercicio 2.1.1.2.csproj", "{5573971B-DA30-4AED-8459-EFAED4156A78}"
EndProject
Project("{FAE04EC0-301F-11D3-BF4B-00C04F79EFBC}") = "ejercicio 2.1.1.3", "ejercicio 2.1.1.3\ejercicio 2.1.1.3.csproj", "{24DB84F8-9AB5-4794-B79C-4CD9E20BF488}"
EndProject
Project("{FAE04EC0-301F-11D3-BF4B-00C04F79EFBC}") = "ejercicio 2.1.2.1", "ejercicio 2.1.2.1\ejercicio 2.1.2.1.csproj", "{63CB6BDF-873B-4F61-B00A-0EBF54EA7AF3}"
EndProject
Project("{FAE04EC0-301F-11D3-BF4B-00C04F79EFBC}") = "ejercicio 2.1.3.1", "ejercicio 2.1.3.1\ejercicio 2.1.3.1.csproj", "{6466F34B-328B-4C0F-8E19-4A9BDA6D8C1E}"
EndProject
Project("{FAE04EC0-301F-11D3-BF4B-00C04F79EFBC}") = "ejercicio 2.1.3.2", "ejercicio 2.1.3.2\ejercicio 2.1.3.2.csproj", "{1A89D479-56D4-4568-99B0-8D5A5EA9383C}"
EndProject
Project("{FAE04EC0-301F-11D3-BF4B-00C04F79EFBC}") = "ejercicio 2.1.5.1", "ejercicio 2.1.5.1\ejercicio 2.1.5.1.csproj", "{44DE4123-F254-46B7-854F-321547371166}"
EndProject
Project("{FAE04EC0-301F-11D3-BF4B-00C04F79EFBC}") = "ejercicio 2.1.5.2", "ejercicio 2.1.5.2\ejercicio 2.1.5.2.csproj", "{C090E172-1B51-485A-8AA4-30DCD3122622}"
EndProject
Project("{FAE04EC0-301F-11D3-BF4B-00C04F79EFBC}") = "ejercicio 2.1.5.3", "ejercicio 2.1.5.3\ejercicio 2.1.5.3.csproj", "{77012E27-6D4C-490C-821A-FE142CB48B08}"
EndProject
Project("{FAE04EC0-301F-11D3-BF4B-00C04F79EFBC}") = "ejercicio 2.1.5.4", "ejercicio 2.1.5.4\ejercicio 2.1.5.4.csproj", "{389FA235-1711-4A3E-8015-DD4DD72D9C6E}"
EndProject
Project("{FAE04EC0-301F-11D3-BF4B-00C04F79EFBC}") = "ejercicio 1.9.1", "ejercicio 1.9.1\ejercicio 1.9.1.csproj", "{644AEF34-B9E5-4D7B-81D8-653057797DF6}"
EndProject
Project("{FAE04EC0-301F-11D3-BF4B-00C04F79EFBC}") = "ejercicio 1.9.2", "ejercicio 1.9.2\ejercicio 1.9.2.csproj", "{448177C9-5EF3-4F15-84B0-5AC4463789DB}"
EndProject
Project("{FAE04EC0-301F-11D3-BF4B-00C04F79EFBC}") = "ejercicio 1.9.3", "ejercicio 1.9.3\ejercicio 1.9.3.csproj", "{128AAFBB-656F-4DCF-9412-6EFE68DFC96C}"
EndProject
Project("{FAE04EC0-301F-11D3-BF4B-00C04F79EFBC}") = "ejercicio 1.9.4", "ejercicio 1.9.4\ejercicio 1.9.4.csproj", "{FB572224-9500-42F2-AEAB-5FBBB06D6F72}"
EndProject
Project("{FAE04EC0-301F-11D3-BF4B-00C04F79EFBC}") = "ejercicio 1.9.5", "ejercicio 1.9.5\ejercicio 1.9.5.csproj", "{2D35F33D-671F-4DA3-9716-4163CE372084}"
EndProject
Project("{FAE04EC0-301F-11D3-BF4B-00C04F79EFBC}") = "ejercicio 1.9.6", "ejercicio 1.9.6\ejercicio 1.9.6.csproj", "{4380000B-A687-48D2-8D20-A5F837E8BC51}"
EndProject
Project("{FAE04EC0-301F-11D3-BF4B-00C04F79EFBC}") = "ejercicio 1.9.7", "ejercicio 1.9.7\ejercicio 1.9.7.csproj", "{0FA7B561-FDF4-4145-9888-DFD2570A79F3}"
EndProject
Project("{FAE04EC0-301F-11D3-BF4B-00C04F79EFBC}") = "ejercicio 2.1.7.1", "ejercicio 2.1.7.1\ejercicio 2.1.7.1.csproj", "{753BA39A-020C-4571-B6C6-3F17BA5E4EC3}"
EndProject
Project("{FAE04EC0-301F-11D3-BF4B-00C04F79EFBC}") = "ejercicio 2.1.7.2", "ejercicio 2.1.7.2\ejercicio 2.1.7.2.csproj", "{1B4264C9-9391-453A-AD7C-029392573ADA}"
EndProject
Project("{FAE04EC0-301F-11D3-BF4B-00C04F79EFBC}") = "ejercicio 2.1.8.1", "ejercicio 2.1.8.1\ejercicio 2.1.8.1.csproj", "{3FE3534C-97C8-4DA1-93F3-09A84E5113BF}"
EndProject
Project("{FAE04EC0-301F-11D3-BF4B-00C04F79EFBC}") = "ejercicio 2.1.8.2", "ejercicio 2.1.8.2\ejercicio 2.1.8.2.csproj", "{4D02F366-9196-4C75-B624-5C25EB77CBAA}"
EndProject
Project("{FAE04EC0-301F-11D3-BF4B-00C04F79EFBC}") = "ejercicio 2.1.9.1", "ejercicio 2.1.9.1\ejercicio 2.1.9.1.csproj", "{F0DA1A60-F7CE-4A14-93AE-C12776F87AF1}"
EndProject
Project("{FAE04EC0-301F-11D3-BF4B-00C04F79EFBC}") = "ejercicio 2.1.9.2", "ejercicio 2.1.9.2\ejercicio 2.1.9.2.csproj", "{9CF569CE-0945-4D43-B0FA-9BE57AA1BE45}"
EndProject
Project("{FAE04EC0-301F-11D3-BF4B-00C04F79EFBC}") = "ejercicio 2.1.9.3", "ejercicio 2.1.9.3\ejercicio 2.1.9.3.csproj", "{FD886AF5-4ED1-49D3-9FE4-687431649B30}"
EndProject
Project("{FAE04EC0-301F-11D3-BF4B-00C04F79EFBC}") = "ejercicio 2.1.9.4", "ejercicio 2.1.9.4\ejercicio 2.1.9.4.csproj", "{E0E6BFE9-1208-47E4-A06D-0E2CA4E8D18C}"
EndProject
Project("{FAE04EC0-301F-11D3-BF4B-00C04F79EFBC}") = "ejercicio 2.2.1.1", "Ejercicio 2.2.1.1\ejercicio 2.2.1.1.csproj", "{5D81AEDA-4F90-4E46-B533-485ED4A5D9D1}"
EndProject
Project("{FAE04EC0-301F-11D3-BF4B-00C04F79EFBC}") = "ejercicio 2.2.1.2", "ejercicio 2.2.1.2\ejercicio 2.2.1.2.csproj", "{85C62616-1103-41F7-A74D-462CCCD1969A}"
EndProject
Project("{FAE04EC0-301F-11D3-BF4B-00C04F79EFBC}") = "ejercicio 2.2.1.3", "ejercicio 2.2.1.3\ejercicio 2.2.1.3.csproj", "{08219C10-C445-4FE4-A925-73139213854B}"
EndProject
Project("{FAE04EC0-301F-11D3-BF4B-00C04F79EFBC}") = "ejercicio 2.2.1.4", "ejercicio 2.2.1.4\ejercicio 2.2.1.4.csproj", "{5F63BAD9-2C7C-4B00-ACF6-356E2632BC05}"
EndProject
Project("{FAE04EC0-301F-11D3-BF4B-00C04F79EFBC}") = "ejercicio 2.2.1.5", "ejercicio 2.2.1.5\ejercicio 2.2.1.5.csproj", "{FB10B7B0-D58F-43A3-A948-CD804E3C2838}"
EndProject
Project("{FAE04EC0-301F-11D3-BF4B-00C04F79EFBC}") = "ejercicio 2.2.2.1", "ejercicio 2.2.2.1\ejercicio 2.2.2.1.csproj", "{89732531-2D4A-4D7C-9B9E-7F0CBEAAF3B6}"
EndProject
Project("{FAE04EC0-301F-11D3-BF4B-00C04F79EFBC}") = "ejercicio 2.2.2.2", "ejercicio 2.2.2.2\ejercicio 2.2.2.2.csproj", "{E9AEAD43-A751-4A1B-90BA-42ABA29D9F78}"
EndProject
Project("{FAE04EC0-301F-11D3-BF4B-00C04F79EFBC}") = "ejercicio 2.2.2.3", "ejercicio 2.2.2.3\ejercicio 2.2.2.3.csproj", "{5C8D0290-A36E-4532-865A-C3F64824EC8A}"
EndProject
Project("{FAE04EC0-301F-11D3-BF4B-00C04F79EFBC}") = "ejercicio 2.2.2.4", "ejercicio 2.2.2.4\ejercicio 2.2.2.4.csproj", "{1444DCB9-3104-478E-BF39-9ADFFD9DF248}"
EndProject
Project("{FAE04EC0-301F-11D3-BF4B-00C04F79EFBC}") = "ejercicio 2.2.2.5", "ejercicio 2.2.2.5\ejercicio 2.2.2.5.csproj", "{3FD7DEA6-0898-441F-8701-9F2C332AE229}"
EndProject
Project("{FAE04EC0-301F-11D3-BF4B-00C04F79EFBC}") = "ejercicio 2.2.3.1", "ejercicio 2.2.3.1\ejercicio 2.2.3.1.csproj", "{341BD696-B7AA-442B-9CF5-7B040472F1F2}"
EndProject
Project("{FAE04EC0-301F-11D3-BF4B-00C04F79EFBC}") = "ejercicio 2.2.3.2", "ejercicio 2.2.3.2\ejercicio 2.2.3.2.csproj", "{7A28F47D-1AD6-4320-BCB0-525CE0BABBAE}"
EndProject
Project("{FAE04EC0-301F-11D3-BF4B-00C04F79EFBC}") = "ejercicio 2.2.3.3", "ejercicio 2.2.3.3\ejercicio 2.2.3.3.csproj", "{F5AC886E-6C92-4BAD-BACC-CC1C1C34781E}"
EndProject
Project("{FAE04EC0-301F-11D3-BF4B-00C04F79EFBC}") = "ejercicio 2.2.3.4", "ejercicio 2.2.3.4\ejercicio 2.2.3.4.csproj", "{1171449B-A8D2-45AC-A85F-2281A0CE7D3E}"
EndProject
Project("{FAE04EC0-301F-11D3-BF4B-00C04F79EFBC}") = "ejercicio 2.2.3.5", "ejercicio 2.2.3.5\ejercicio 2.2.3.5.csproj", "{B68059F9-54E7-40F5-BA59-9EAB194AC289}"
EndProject
Project("{FAE04EC0-301F-11D3-BF4B-00C04F79EFBC}") = "ejercicio 2.8.1", "ejercicio 2.8.1\ejercicio 2.8.1.csproj", "{66AA4B4C-13C7-469F-BFA5-20EE9D0B5D08}"
EndProject
Project("{FAE04EC0-301F-11D3-BF4B-00C04F79EFBC}") = "ejercicio 2.8.2", "ejercicio 2.8.2\ejercicio 2.8.2.csproj", "{118856C6-DA96-42B4-93E1-28D0EC676204}"
EndProject
Project("{FAE04EC0-301F-11D3-BF4B-00C04F79EFBC}") = "ejercicio 2.8.3", "ejercicio 2.8.3\ejercicio 2.8.3.csproj", "{6719C722-34DE-4E57-929D-636B8B043182}"
EndProject
Project("{FAE04EC0-301F-11D3-BF4B-00C04F79EFBC}") = "ejercicio 2.8.4", "ejercicio 2.8.4\ejercicio 2.8.4.csproj", "{736A0F9C-FE07-4240-B6DF-CAC06A0CE334}"
EndProject
Project("{FAE04EC0-301F-11D3-BF4B-00C04F79EFBC}") = "ejercicio 2.8.5", "ejercicio 2.8.5\ejercicio 2.8.5.csproj", "{FC7779B2-8F93-4448-8E4F-257E65D4EF9E}"
EndProject
Project("{FAE04EC0-301F-11D3-BF4B-00C04F79EFBC}") = "ejercicio 2.8.6", "ejercicio 2.8.6\ejercicio 2.8.6.csproj", "{066FBB5E-094B-4489-A279-A9EE6D84B8B7}"
EndProject
Project("{FAE04EC0-301F-11D3-BF4B-00C04F79EFBC}") = "ejercicio 2.8.7", "ejercicio 2.8.7\ejercicio 2.8.7.csproj", "{B7762F91-6B30-4B04-B4D9-546692CF8E19}"
EndProject
Project("{FAE04EC0-301F-11D3-BF4B-00C04F79EFBC}") = "ejercicio 2.8.8", "ejercicio 2.8.8\ejercicio 2.8.8.csproj", "{D1BAD7C4-2FC2-4078-BBC2-BD25461629FB}"
EndProject
Project("{FAE04EC0-301F-11D3-BF4B-00C04F79EFBC}") = "ejercicio 2.9.1", "ejercicio 2.9.1\ejercicio 2.9.1.csproj", "{E5E57C2D-52A5-40B9-AE03-F2E48382CF8E}"
EndProject
Project("{FAE04EC0-301F-11D3-BF4B-00C04F79EFBC}") = "ejercicio 3.1.2.1", "ejercicio 3.1.2.1\ejercicio 3.1.2.1.csproj", "{8F910523-164B-402C-BE00-84BF994F5688}"
EndProject
Project("{FAE04EC0-301F-11D3-BF4B-00C04F79EFBC}") = "ejercicio 3.1.2.2", "ejercicio 3.1.9.2\ejercicio 3.1.2.2.csproj", "{ABAA3BEA-AE12-41F4-A5D1-1EA13220702D}"
EndProject
Project("{FAE04EC0-301F-11D3-BF4B-00C04F79EFBC}") = "ejercicio 3.1.2.3", "ejercicio 3.1.2.3\ejercicio 3.1.2.3.csproj", "{3BED757F-A1D1-40FD-86A2-48A8613842C9}"
EndProject
Global
	GlobalSection(SolutionConfigurationPlatforms) = preSolution
		Debug|Any CPU = Debug|Any CPU
		Release|Any CPU = Release|Any CPU
	EndGlobalSection
	GlobalSection(ProjectConfigurationPlatforms) = postSolution
		{04F3A885-C715-4144-855D-38C32E1750D9}.Debug|Any CPU.ActiveCfg = Debug|Any CPU
		{04F3A885-C715-4144-855D-38C32E1750D9}.Debug|Any CPU.Build.0 = Debug|Any CPU
		{04F3A885-C715-4144-855D-38C32E1750D9}.Release|Any CPU.ActiveCfg = Release|Any CPU
		{04F3A885-C715-4144-855D-38C32E1750D9}.Release|Any CPU.Build.0 = Release|Any CPU
		{266C7678-8CC7-4FEF-84E1-F888A6D5F6F0}.Debug|Any CPU.ActiveCfg = Debug|Any CPU
		{266C7678-8CC7-4FEF-84E1-F888A6D5F6F0}.Debug|Any CPU.Build.0 = Debug|Any CPU
		{266C7678-8CC7-4FEF-84E1-F888A6D5F6F0}.Release|Any CPU.ActiveCfg = Release|Any CPU
		{266C7678-8CC7-4FEF-84E1-F888A6D5F6F0}.Release|Any CPU.Build.0 = Release|Any CPU
		{58E99FE7-4010-406D-B397-5FB29CC59CED}.Debug|Any CPU.ActiveCfg = Debug|Any CPU
		{58E99FE7-4010-406D-B397-5FB29CC59CED}.Debug|Any CPU.Build.0 = Debug|Any CPU
		{58E99FE7-4010-406D-B397-5FB29CC59CED}.Release|Any CPU.ActiveCfg = Release|Any CPU
		{58E99FE7-4010-406D-B397-5FB29CC59CED}.Release|Any CPU.Build.0 = Release|Any CPU
		{50761ADE-7D61-47E5-993B-03F24ACBC53A}.Debug|Any CPU.ActiveCfg = Debug|Any CPU
		{50761ADE-7D61-47E5-993B-03F24ACBC53A}.Debug|Any CPU.Build.0 = Debug|Any CPU
		{50761ADE-7D61-47E5-993B-03F24ACBC53A}.Release|Any CPU.ActiveCfg = Release|Any CPU
		{50761ADE-7D61-47E5-993B-03F24ACBC53A}.Release|Any CPU.Build.0 = Release|Any CPU
		{C5AEA2D8-825C-414E-9531-B0E0EC985364}.Debug|Any CPU.ActiveCfg = Debug|Any CPU
		{C5AEA2D8-825C-414E-9531-B0E0EC985364}.Debug|Any CPU.Build.0 = Debug|Any CPU
		{C5AEA2D8-825C-414E-9531-B0E0EC985364}.Release|Any CPU.ActiveCfg = Release|Any CPU
		{C5AEA2D8-825C-414E-9531-B0E0EC985364}.Release|Any CPU.Build.0 = Release|Any CPU
		{474D792E-06E2-4212-AB17-A229BD5C0C0C}.Debug|Any CPU.ActiveCfg = Debug|Any CPU
		{474D792E-06E2-4212-AB17-A229BD5C0C0C}.Debug|Any CPU.Build.0 = Debug|Any CPU
		{474D792E-06E2-4212-AB17-A229BD5C0C0C}.Release|Any CPU.ActiveCfg = Release|Any CPU
		{474D792E-06E2-4212-AB17-A229BD5C0C0C}.Release|Any CPU.Build.0 = Release|Any CPU
		{CF6006ED-2F16-4479-9F34-FAE7DFF2EC1A}.Debug|Any CPU.ActiveCfg = Debug|Any CPU
		{CF6006ED-2F16-4479-9F34-FAE7DFF2EC1A}.Debug|Any CPU.Build.0 = Debug|Any CPU
		{CF6006ED-2F16-4479-9F34-FAE7DFF2EC1A}.Release|Any CPU.ActiveCfg = Release|Any CPU
		{CF6006ED-2F16-4479-9F34-FAE7DFF2EC1A}.Release|Any CPU.Build.0 = Release|Any CPU
		{2EB93D14-5603-44AC-AFCB-F02DF6BC06F6}.Debug|Any CPU.ActiveCfg = Debug|Any CPU
		{2EB93D14-5603-44AC-AFCB-F02DF6BC06F6}.Debug|Any CPU.Build.0 = Debug|Any CPU
		{2EB93D14-5603-44AC-AFCB-F02DF6BC06F6}.Release|Any CPU.ActiveCfg = Release|Any CPU
		{2EB93D14-5603-44AC-AFCB-F02DF6BC06F6}.Release|Any CPU.Build.0 = Release|Any CPU
		{92089C7D-5FB1-44C3-8485-3982AED0434C}.Debug|Any CPU.ActiveCfg = Debug|Any CPU
		{92089C7D-5FB1-44C3-8485-3982AED0434C}.Debug|Any CPU.Build.0 = Debug|Any CPU
		{92089C7D-5FB1-44C3-8485-3982AED0434C}.Release|Any CPU.ActiveCfg = Release|Any CPU
		{92089C7D-5FB1-44C3-8485-3982AED0434C}.Release|Any CPU.Build.0 = Release|Any CPU
		{A3911369-8A79-4040-9D40-15B5D2EC9A46}.Debug|Any CPU.ActiveCfg = Debug|Any CPU
		{A3911369-8A79-4040-9D40-15B5D2EC9A46}.Debug|Any CPU.Build.0 = Debug|Any CPU
		{A3911369-8A79-4040-9D40-15B5D2EC9A46}.Release|Any CPU.ActiveCfg = Release|Any CPU
		{A3911369-8A79-4040-9D40-15B5D2EC9A46}.Release|Any CPU.Build.0 = Release|Any CPU
		{3FC0A496-D08A-44B3-9B7B-159C197E0262}.Debug|Any CPU.ActiveCfg = Debug|Any CPU
		{3FC0A496-D08A-44B3-9B7B-159C197E0262}.Debug|Any CPU.Build.0 = Debug|Any CPU
		{3FC0A496-D08A-44B3-9B7B-159C197E0262}.Release|Any CPU.ActiveCfg = Release|Any CPU
		{3FC0A496-D08A-44B3-9B7B-159C197E0262}.Release|Any CPU.Build.0 = Release|Any CPU
		{8DCDE9AC-1064-4DB3-9588-0B9103BDC69F}.Debug|Any CPU.ActiveCfg = Debug|Any CPU
		{8DCDE9AC-1064-4DB3-9588-0B9103BDC69F}.Debug|Any CPU.Build.0 = Debug|Any CPU
		{8DCDE9AC-1064-4DB3-9588-0B9103BDC69F}.Release|Any CPU.ActiveCfg = Release|Any CPU
		{8DCDE9AC-1064-4DB3-9588-0B9103BDC69F}.Release|Any CPU.Build.0 = Release|Any CPU
		{609367B4-47C6-4753-92D7-20AA9DCEAD63}.Debug|Any CPU.ActiveCfg = Debug|Any CPU
		{609367B4-47C6-4753-92D7-20AA9DCEAD63}.Debug|Any CPU.Build.0 = Debug|Any CPU
		{609367B4-47C6-4753-92D7-20AA9DCEAD63}.Release|Any CPU.ActiveCfg = Release|Any CPU
		{609367B4-47C6-4753-92D7-20AA9DCEAD63}.Release|Any CPU.Build.0 = Release|Any CPU
		{6C18C720-9C9B-4AF2-BA28-F623341C871E}.Debug|Any CPU.ActiveCfg = Debug|Any CPU
		{6C18C720-9C9B-4AF2-BA28-F623341C871E}.Debug|Any CPU.Build.0 = Debug|Any CPU
		{6C18C720-9C9B-4AF2-BA28-F623341C871E}.Release|Any CPU.ActiveCfg = Release|Any CPU
		{6C18C720-9C9B-4AF2-BA28-F623341C871E}.Release|Any CPU.Build.0 = Release|Any CPU
		{B801E135-DA54-4969-9093-480F97936447}.Debug|Any CPU.ActiveCfg = Debug|Any CPU
		{B801E135-DA54-4969-9093-480F97936447}.Debug|Any CPU.Build.0 = Debug|Any CPU
		{B801E135-DA54-4969-9093-480F97936447}.Release|Any CPU.ActiveCfg = Release|Any CPU
		{B801E135-DA54-4969-9093-480F97936447}.Release|Any CPU.Build.0 = Release|Any CPU
		{18B3CA2F-8D71-49DE-9697-DCA7E5E0D660}.Debug|Any CPU.ActiveCfg = Debug|Any CPU
		{18B3CA2F-8D71-49DE-9697-DCA7E5E0D660}.Debug|Any CPU.Build.0 = Debug|Any CPU
		{18B3CA2F-8D71-49DE-9697-DCA7E5E0D660}.Release|Any CPU.ActiveCfg = Release|Any CPU
		{18B3CA2F-8D71-49DE-9697-DCA7E5E0D660}.Release|Any CPU.Build.0 = Release|Any CPU
		{541CB274-E783-414F-9BFA-0C105590C06C}.Debug|Any CPU.ActiveCfg = Debug|Any CPU
		{541CB274-E783-414F-9BFA-0C105590C06C}.Debug|Any CPU.Build.0 = Debug|Any CPU
		{541CB274-E783-414F-9BFA-0C105590C06C}.Release|Any CPU.ActiveCfg = Release|Any CPU
		{541CB274-E783-414F-9BFA-0C105590C06C}.Release|Any CPU.Build.0 = Release|Any CPU
		{5573971B-DA30-4AED-8459-EFAED4156A78}.Debug|Any CPU.ActiveCfg = Debug|Any CPU
		{5573971B-DA30-4AED-8459-EFAED4156A78}.Debug|Any CPU.Build.0 = Debug|Any CPU
		{5573971B-DA30-4AED-8459-EFAED4156A78}.Release|Any CPU.ActiveCfg = Release|Any CPU
		{5573971B-DA30-4AED-8459-EFAED4156A78}.Release|Any CPU.Build.0 = Release|Any CPU
		{24DB84F8-9AB5-4794-B79C-4CD9E20BF488}.Debug|Any CPU.ActiveCfg = Debug|Any CPU
		{24DB84F8-9AB5-4794-B79C-4CD9E20BF488}.Debug|Any CPU.Build.0 = Debug|Any CPU
		{24DB84F8-9AB5-4794-B79C-4CD9E20BF488}.Release|Any CPU.ActiveCfg = Release|Any CPU
		{24DB84F8-9AB5-4794-B79C-4CD9E20BF488}.Release|Any CPU.Build.0 = Release|Any CPU
		{63CB6BDF-873B-4F61-B00A-0EBF54EA7AF3}.Debug|Any CPU.ActiveCfg = Debug|Any CPU
		{63CB6BDF-873B-4F61-B00A-0EBF54EA7AF3}.Debug|Any CPU.Build.0 = Debug|Any CPU
		{63CB6BDF-873B-4F61-B00A-0EBF54EA7AF3}.Release|Any CPU.ActiveCfg = Release|Any CPU
		{63CB6BDF-873B-4F61-B00A-0EBF54EA7AF3}.Release|Any CPU.Build.0 = Release|Any CPU
		{6466F34B-328B-4C0F-8E19-4A9BDA6D8C1E}.Debug|Any CPU.ActiveCfg = Debug|Any CPU
		{6466F34B-328B-4C0F-8E19-4A9BDA6D8C1E}.Debug|Any CPU.Build.0 = Debug|Any CPU
		{6466F34B-328B-4C0F-8E19-4A9BDA6D8C1E}.Release|Any CPU.ActiveCfg = Release|Any CPU
		{6466F34B-328B-4C0F-8E19-4A9BDA6D8C1E}.Release|Any CPU.Build.0 = Release|Any CPU
		{1A89D479-56D4-4568-99B0-8D5A5EA9383C}.Debug|Any CPU.ActiveCfg = Debug|Any CPU
		{1A89D479-56D4-4568-99B0-8D5A5EA9383C}.Debug|Any CPU.Build.0 = Debug|Any CPU
		{1A89D479-56D4-4568-99B0-8D5A5EA9383C}.Release|Any CPU.ActiveCfg = Release|Any CPU
		{1A89D479-56D4-4568-99B0-8D5A5EA9383C}.Release|Any CPU.Build.0 = Release|Any CPU
		{44DE4123-F254-46B7-854F-321547371166}.Debug|Any CPU.ActiveCfg = Debug|Any CPU
		{44DE4123-F254-46B7-854F-321547371166}.Debug|Any CPU.Build.0 = Debug|Any CPU
		{44DE4123-F254-46B7-854F-321547371166}.Release|Any CPU.ActiveCfg = Release|Any CPU
		{44DE4123-F254-46B7-854F-321547371166}.Release|Any CPU.Build.0 = Release|Any CPU
		{C090E172-1B51-485A-8AA4-30DCD3122622}.Debug|Any CPU.ActiveCfg = Debug|Any CPU
		{C090E172-1B51-485A-8AA4-30DCD3122622}.Debug|Any CPU.Build.0 = Debug|Any CPU
		{C090E172-1B51-485A-8AA4-30DCD3122622}.Release|Any CPU.ActiveCfg = Release|Any CPU
		{C090E172-1B51-485A-8AA4-30DCD3122622}.Release|Any CPU.Build.0 = Release|Any CPU
		{77012E27-6D4C-490C-821A-FE142CB48B08}.Debug|Any CPU.ActiveCfg = Debug|Any CPU
		{77012E27-6D4C-490C-821A-FE142CB48B08}.Debug|Any CPU.Build.0 = Debug|Any CPU
		{77012E27-6D4C-490C-821A-FE142CB48B08}.Release|Any CPU.ActiveCfg = Release|Any CPU
		{77012E27-6D4C-490C-821A-FE142CB48B08}.Release|Any CPU.Build.0 = Release|Any CPU
		{389FA235-1711-4A3E-8015-DD4DD72D9C6E}.Debug|Any CPU.ActiveCfg = Debug|Any CPU
		{389FA235-1711-4A3E-8015-DD4DD72D9C6E}.Debug|Any CPU.Build.0 = Debug|Any CPU
		{389FA235-1711-4A3E-8015-DD4DD72D9C6E}.Release|Any CPU.ActiveCfg = Release|Any CPU
		{389FA235-1711-4A3E-8015-DD4DD72D9C6E}.Release|Any CPU.Build.0 = Release|Any CPU
		{644AEF34-B9E5-4D7B-81D8-653057797DF6}.Debug|Any CPU.ActiveCfg = Debug|Any CPU
		{644AEF34-B9E5-4D7B-81D8-653057797DF6}.Debug|Any CPU.Build.0 = Debug|Any CPU
		{644AEF34-B9E5-4D7B-81D8-653057797DF6}.Release|Any CPU.ActiveCfg = Release|Any CPU
		{644AEF34-B9E5-4D7B-81D8-653057797DF6}.Release|Any CPU.Build.0 = Release|Any CPU
		{448177C9-5EF3-4F15-84B0-5AC4463789DB}.Debug|Any CPU.ActiveCfg = Debug|Any CPU
		{448177C9-5EF3-4F15-84B0-5AC4463789DB}.Debug|Any CPU.Build.0 = Debug|Any CPU
		{448177C9-5EF3-4F15-84B0-5AC4463789DB}.Release|Any CPU.ActiveCfg = Release|Any CPU
		{448177C9-5EF3-4F15-84B0-5AC4463789DB}.Release|Any CPU.Build.0 = Release|Any CPU
		{128AAFBB-656F-4DCF-9412-6EFE68DFC96C}.Debug|Any CPU.ActiveCfg = Debug|Any CPU
		{128AAFBB-656F-4DCF-9412-6EFE68DFC96C}.Debug|Any CPU.Build.0 = Debug|Any CPU
		{128AAFBB-656F-4DCF-9412-6EFE68DFC96C}.Release|Any CPU.ActiveCfg = Release|Any CPU
		{128AAFBB-656F-4DCF-9412-6EFE68DFC96C}.Release|Any CPU.Build.0 = Release|Any CPU
		{FB572224-9500-42F2-AEAB-5FBBB06D6F72}.Debug|Any CPU.ActiveCfg = Debug|Any CPU
		{FB572224-9500-42F2-AEAB-5FBBB06D6F72}.Debug|Any CPU.Build.0 = Debug|Any CPU
		{FB572224-9500-42F2-AEAB-5FBBB06D6F72}.Release|Any CPU.ActiveCfg = Release|Any CPU
		{FB572224-9500-42F2-AEAB-5FBBB06D6F72}.Release|Any CPU.Build.0 = Release|Any CPU
		{2D35F33D-671F-4DA3-9716-4163CE372084}.Debug|Any CPU.ActiveCfg = Debug|Any CPU
		{2D35F33D-671F-4DA3-9716-4163CE372084}.Debug|Any CPU.Build.0 = Debug|Any CPU
		{2D35F33D-671F-4DA3-9716-4163CE372084}.Release|Any CPU.ActiveCfg = Release|Any CPU
		{2D35F33D-671F-4DA3-9716-4163CE372084}.Release|Any CPU.Build.0 = Release|Any CPU
		{4380000B-A687-48D2-8D20-A5F837E8BC51}.Debug|Any CPU.ActiveCfg = Debug|Any CPU
		{4380000B-A687-48D2-8D20-A5F837E8BC51}.Debug|Any CPU.Build.0 = Debug|Any CPU
		{4380000B-A687-48D2-8D20-A5F837E8BC51}.Release|Any CPU.ActiveCfg = Release|Any CPU
		{4380000B-A687-48D2-8D20-A5F837E8BC51}.Release|Any CPU.Build.0 = Release|Any CPU
		{0FA7B561-FDF4-4145-9888-DFD2570A79F3}.Debug|Any CPU.ActiveCfg = Debug|Any CPU
		{0FA7B561-FDF4-4145-9888-DFD2570A79F3}.Debug|Any CPU.Build.0 = Debug|Any CPU
		{0FA7B561-FDF4-4145-9888-DFD2570A79F3}.Release|Any CPU.ActiveCfg = Release|Any CPU
		{0FA7B561-FDF4-4145-9888-DFD2570A79F3}.Release|Any CPU.Build.0 = Release|Any CPU
		{753BA39A-020C-4571-B6C6-3F17BA5E4EC3}.Debug|Any CPU.ActiveCfg = Debug|Any CPU
		{753BA39A-020C-4571-B6C6-3F17BA5E4EC3}.Debug|Any CPU.Build.0 = Debug|Any CPU
		{753BA39A-020C-4571-B6C6-3F17BA5E4EC3}.Release|Any CPU.ActiveCfg = Release|Any CPU
		{753BA39A-020C-4571-B6C6-3F17BA5E4EC3}.Release|Any CPU.Build.0 = Release|Any CPU
		{1B4264C9-9391-453A-AD7C-029392573ADA}.Debug|Any CPU.ActiveCfg = Debug|Any CPU
		{1B4264C9-9391-453A-AD7C-029392573ADA}.Debug|Any CPU.Build.0 = Debug|Any CPU
		{1B4264C9-9391-453A-AD7C-029392573ADA}.Release|Any CPU.ActiveCfg = Release|Any CPU
		{1B4264C9-9391-453A-AD7C-029392573ADA}.Release|Any CPU.Build.0 = Release|Any CPU
		{3FE3534C-97C8-4DA1-93F3-09A84E5113BF}.Debug|Any CPU.ActiveCfg = Debug|Any CPU
		{3FE3534C-97C8-4DA1-93F3-09A84E5113BF}.Debug|Any CPU.Build.0 = Debug|Any CPU
		{3FE3534C-97C8-4DA1-93F3-09A84E5113BF}.Release|Any CPU.ActiveCfg = Release|Any CPU
		{3FE3534C-97C8-4DA1-93F3-09A84E5113BF}.Release|Any CPU.Build.0 = Release|Any CPU
		{4D02F366-9196-4C75-B624-5C25EB77CBAA}.Debug|Any CPU.ActiveCfg = Debug|Any CPU
		{4D02F366-9196-4C75-B624-5C25EB77CBAA}.Debug|Any CPU.Build.0 = Debug|Any CPU
		{4D02F366-9196-4C75-B624-5C25EB77CBAA}.Release|Any CPU.ActiveCfg = Release|Any CPU
		{4D02F366-9196-4C75-B624-5C25EB77CBAA}.Release|Any CPU.Build.0 = Release|Any CPU
		{F0DA1A60-F7CE-4A14-93AE-C12776F87AF1}.Debug|Any CPU.ActiveCfg = Debug|Any CPU
		{F0DA1A60-F7CE-4A14-93AE-C12776F87AF1}.Debug|Any CPU.Build.0 = Debug|Any CPU
		{F0DA1A60-F7CE-4A14-93AE-C12776F87AF1}.Release|Any CPU.ActiveCfg = Release|Any CPU
		{F0DA1A60-F7CE-4A14-93AE-C12776F87AF1}.Release|Any CPU.Build.0 = Release|Any CPU
		{9CF569CE-0945-4D43-B0FA-9BE57AA1BE45}.Debug|Any CPU.ActiveCfg = Debug|Any CPU
		{9CF569CE-0945-4D43-B0FA-9BE57AA1BE45}.Debug|Any CPU.Build.0 = Debug|Any CPU
		{9CF569CE-0945-4D43-B0FA-9BE57AA1BE45}.Release|Any CPU.ActiveCfg = Release|Any CPU
		{9CF569CE-0945-4D43-B0FA-9BE57AA1BE45}.Release|Any CPU.Build.0 = Release|Any CPU
		{FD886AF5-4ED1-49D3-9FE4-687431649B30}.Debug|Any CPU.ActiveCfg = Debug|Any CPU
		{FD886AF5-4ED1-49D3-9FE4-687431649B30}.Debug|Any CPU.Build.0 = Debug|Any CPU
		{FD886AF5-4ED1-49D3-9FE4-687431649B30}.Release|Any CPU.ActiveCfg = Release|Any CPU
		{FD886AF5-4ED1-49D3-9FE4-687431649B30}.Release|Any CPU.Build.0 = Release|Any CPU
		{E0E6BFE9-1208-47E4-A06D-0E2CA4E8D18C}.Debug|Any CPU.ActiveCfg = Debug|Any CPU
		{E0E6BFE9-1208-47E4-A06D-0E2CA4E8D18C}.Debug|Any CPU.Build.0 = Debug|Any CPU
		{E0E6BFE9-1208-47E4-A06D-0E2CA4E8D18C}.Release|Any CPU.ActiveCfg = Release|Any CPU
		{E0E6BFE9-1208-47E4-A06D-0E2CA4E8D18C}.Release|Any CPU.Build.0 = Release|Any CPU
		{5D81AEDA-4F90-4E46-B533-485ED4A5D9D1}.Debug|Any CPU.ActiveCfg = Debug|Any CPU
		{5D81AEDA-4F90-4E46-B533-485ED4A5D9D1}.Debug|Any CPU.Build.0 = Debug|Any CPU
		{5D81AEDA-4F90-4E46-B533-485ED4A5D9D1}.Release|Any CPU.ActiveCfg = Release|Any CPU
		{5D81AEDA-4F90-4E46-B533-485ED4A5D9D1}.Release|Any CPU.Build.0 = Release|Any CPU
		{85C62616-1103-41F7-A74D-462CCCD1969A}.Debug|Any CPU.ActiveCfg = Debug|Any CPU
		{85C62616-1103-41F7-A74D-462CCCD1969A}.Debug|Any CPU.Build.0 = Debug|Any CPU
		{85C62616-1103-41F7-A74D-462CCCD1969A}.Release|Any CPU.ActiveCfg = Release|Any CPU
		{85C62616-1103-41F7-A74D-462CCCD1969A}.Release|Any CPU.Build.0 = Release|Any CPU
		{08219C10-C445-4FE4-A925-73139213854B}.Debug|Any CPU.ActiveCfg = Debug|Any CPU
		{08219C10-C445-4FE4-A925-73139213854B}.Debug|Any CPU.Build.0 = Debug|Any CPU
		{08219C10-C445-4FE4-A925-73139213854B}.Release|Any CPU.ActiveCfg = Release|Any CPU
		{08219C10-C445-4FE4-A925-73139213854B}.Release|Any CPU.Build.0 = Release|Any CPU
		{5F63BAD9-2C7C-4B00-ACF6-356E2632BC05}.Debug|Any CPU.ActiveCfg = Debug|Any CPU
		{5F63BAD9-2C7C-4B00-ACF6-356E2632BC05}.Debug|Any CPU.Build.0 = Debug|Any CPU
		{5F63BAD9-2C7C-4B00-ACF6-356E2632BC05}.Release|Any CPU.ActiveCfg = Release|Any CPU
		{5F63BAD9-2C7C-4B00-ACF6-356E2632BC05}.Release|Any CPU.Build.0 = Release|Any CPU
		{FB10B7B0-D58F-43A3-A948-CD804E3C2838}.Debug|Any CPU.ActiveCfg = Debug|Any CPU
		{FB10B7B0-D58F-43A3-A948-CD804E3C2838}.Debug|Any CPU.Build.0 = Debug|Any CPU
		{FB10B7B0-D58F-43A3-A948-CD804E3C2838}.Release|Any CPU.ActiveCfg = Release|Any CPU
		{FB10B7B0-D58F-43A3-A948-CD804E3C2838}.Release|Any CPU.Build.0 = Release|Any CPU
		{89732531-2D4A-4D7C-9B9E-7F0CBEAAF3B6}.Debug|Any CPU.ActiveCfg = Debug|Any CPU
		{89732531-2D4A-4D7C-9B9E-7F0CBEAAF3B6}.Debug|Any CPU.Build.0 = Debug|Any CPU
		{89732531-2D4A-4D7C-9B9E-7F0CBEAAF3B6}.Release|Any CPU.ActiveCfg = Release|Any CPU
		{89732531-2D4A-4D7C-9B9E-7F0CBEAAF3B6}.Release|Any CPU.Build.0 = Release|Any CPU
		{E9AEAD43-A751-4A1B-90BA-42ABA29D9F78}.Debug|Any CPU.ActiveCfg = Debug|Any CPU
		{E9AEAD43-A751-4A1B-90BA-42ABA29D9F78}.Debug|Any CPU.Build.0 = Debug|Any CPU
		{E9AEAD43-A751-4A1B-90BA-42ABA29D9F78}.Release|Any CPU.ActiveCfg = Release|Any CPU
		{E9AEAD43-A751-4A1B-90BA-42ABA29D9F78}.Release|Any CPU.Build.0 = Release|Any CPU
		{5C8D0290-A36E-4532-865A-C3F64824EC8A}.Debug|Any CPU.ActiveCfg = Debug|Any CPU
		{5C8D0290-A36E-4532-865A-C3F64824EC8A}.Debug|Any CPU.Build.0 = Debug|Any CPU
		{5C8D0290-A36E-4532-865A-C3F64824EC8A}.Release|Any CPU.ActiveCfg = Release|Any CPU
		{5C8D0290-A36E-4532-865A-C3F64824EC8A}.Release|Any CPU.Build.0 = Release|Any CPU
		{1444DCB9-3104-478E-BF39-9ADFFD9DF248}.Debug|Any CPU.ActiveCfg = Debug|Any CPU
		{1444DCB9-3104-478E-BF39-9ADFFD9DF248}.Debug|Any CPU.Build.0 = Debug|Any CPU
		{1444DCB9-3104-478E-BF39-9ADFFD9DF248}.Release|Any CPU.ActiveCfg = Release|Any CPU
		{1444DCB9-3104-478E-BF39-9ADFFD9DF248}.Release|Any CPU.Build.0 = Release|Any CPU
		{3FD7DEA6-0898-441F-8701-9F2C332AE229}.Debug|Any CPU.ActiveCfg = Debug|Any CPU
		{3FD7DEA6-0898-441F-8701-9F2C332AE229}.Debug|Any CPU.Build.0 = Debug|Any CPU
		{3FD7DEA6-0898-441F-8701-9F2C332AE229}.Release|Any CPU.ActiveCfg = Release|Any CPU
		{3FD7DEA6-0898-441F-8701-9F2C332AE229}.Release|Any CPU.Build.0 = Release|Any CPU
		{341BD696-B7AA-442B-9CF5-7B040472F1F2}.Debug|Any CPU.ActiveCfg = Debug|Any CPU
		{341BD696-B7AA-442B-9CF5-7B040472F1F2}.Debug|Any CPU.Build.0 = Debug|Any CPU
		{341BD696-B7AA-442B-9CF5-7B040472F1F2}.Release|Any CPU.ActiveCfg = Release|Any CPU
		{341BD696-B7AA-442B-9CF5-7B040472F1F2}.Release|Any CPU.Build.0 = Release|Any CPU
		{7A28F47D-1AD6-4320-BCB0-525CE0BABBAE}.Debug|Any CPU.ActiveCfg = Debug|Any CPU
		{7A28F47D-1AD6-4320-BCB0-525CE0BABBAE}.Debug|Any CPU.Build.0 = Debug|Any CPU
		{7A28F47D-1AD6-4320-BCB0-525CE0BABBAE}.Release|Any CPU.ActiveCfg = Release|Any CPU
		{7A28F47D-1AD6-4320-BCB0-525CE0BABBAE}.Release|Any CPU.Build.0 = Release|Any CPU
		{F5AC886E-6C92-4BAD-BACC-CC1C1C34781E}.Debug|Any CPU.ActiveCfg = Debug|Any CPU
		{F5AC886E-6C92-4BAD-BACC-CC1C1C34781E}.Debug|Any CPU.Build.0 = Debug|Any CPU
		{F5AC886E-6C92-4BAD-BACC-CC1C1C34781E}.Release|Any CPU.ActiveCfg = Release|Any CPU
		{F5AC886E-6C92-4BAD-BACC-CC1C1C34781E}.Release|Any CPU.Build.0 = Release|Any CPU
		{1171449B-A8D2-45AC-A85F-2281A0CE7D3E}.Debug|Any CPU.ActiveCfg = Debug|Any CPU
		{1171449B-A8D2-45AC-A85F-2281A0CE7D3E}.Debug|Any CPU.Build.0 = Debug|Any CPU
		{1171449B-A8D2-45AC-A85F-2281A0CE7D3E}.Release|Any CPU.ActiveCfg = Release|Any CPU
		{1171449B-A8D2-45AC-A85F-2281A0CE7D3E}.Release|Any CPU.Build.0 = Release|Any CPU
		{B68059F9-54E7-40F5-BA59-9EAB194AC289}.Debug|Any CPU.ActiveCfg = Debug|Any CPU
		{B68059F9-54E7-40F5-BA59-9EAB194AC289}.Debug|Any CPU.Build.0 = Debug|Any CPU
		{B68059F9-54E7-40F5-BA59-9EAB194AC289}.Release|Any CPU.ActiveCfg = Release|Any CPU
		{B68059F9-54E7-40F5-BA59-9EAB194AC289}.Release|Any CPU.Build.0 = Release|Any CPU
		{66AA4B4C-13C7-469F-BFA5-20EE9D0B5D08}.Debug|Any CPU.ActiveCfg = Debug|Any CPU
		{66AA4B4C-13C7-469F-BFA5-20EE9D0B5D08}.Debug|Any CPU.Build.0 = Debug|Any CPU
		{66AA4B4C-13C7-469F-BFA5-20EE9D0B5D08}.Release|Any CPU.ActiveCfg = Release|Any CPU
		{66AA4B4C-13C7-469F-BFA5-20EE9D0B5D08}.Release|Any CPU.Build.0 = Release|Any CPU
		{118856C6-DA96-42B4-93E1-28D0EC676204}.Debug|Any CPU.ActiveCfg = Debug|Any CPU
		{118856C6-DA96-42B4-93E1-28D0EC676204}.Debug|Any CPU.Build.0 = Debug|Any CPU
		{118856C6-DA96-42B4-93E1-28D0EC676204}.Release|Any CPU.ActiveCfg = Release|Any CPU
		{118856C6-DA96-42B4-93E1-28D0EC676204}.Release|Any CPU.Build.0 = Release|Any CPU
		{6719C722-34DE-4E57-929D-636B8B043182}.Debug|Any CPU.ActiveCfg = Debug|Any CPU
		{6719C722-34DE-4E57-929D-636B8B043182}.Debug|Any CPU.Build.0 = Debug|Any CPU
		{6719C722-34DE-4E57-929D-636B8B043182}.Release|Any CPU.ActiveCfg = Release|Any CPU
		{6719C722-34DE-4E57-929D-636B8B043182}.Release|Any CPU.Build.0 = Release|Any CPU
		{736A0F9C-FE07-4240-B6DF-CAC06A0CE334}.Debug|Any CPU.ActiveCfg = Debug|Any CPU
		{736A0F9C-FE07-4240-B6DF-CAC06A0CE334}.Debug|Any CPU.Build.0 = Debug|Any CPU
		{736A0F9C-FE07-4240-B6DF-CAC06A0CE334}.Release|Any CPU.ActiveCfg = Release|Any CPU
		{736A0F9C-FE07-4240-B6DF-CAC06A0CE334}.Release|Any CPU.Build.0 = Release|Any CPU
		{FC7779B2-8F93-4448-8E4F-257E65D4EF9E}.Debug|Any CPU.ActiveCfg = Debug|Any CPU
		{FC7779B2-8F93-4448-8E4F-257E65D4EF9E}.Debug|Any CPU.Build.0 = Debug|Any CPU
		{FC7779B2-8F93-4448-8E4F-257E65D4EF9E}.Release|Any CPU.ActiveCfg = Release|Any CPU
		{FC7779B2-8F93-4448-8E4F-257E65D4EF9E}.Release|Any CPU.Build.0 = Release|Any CPU
		{066FBB5E-094B-4489-A279-A9EE6D84B8B7}.Debug|Any CPU.ActiveCfg = Debug|Any CPU
		{066FBB5E-094B-4489-A279-A9EE6D84B8B7}.Debug|Any CPU.Build.0 = Debug|Any CPU
		{066FBB5E-094B-4489-A279-A9EE6D84B8B7}.Release|Any CPU.ActiveCfg = Release|Any CPU
		{066FBB5E-094B-4489-A279-A9EE6D84B8B7}.Release|Any CPU.Build.0 = Release|Any CPU
		{B7762F91-6B30-4B04-B4D9-546692CF8E19}.Debug|Any CPU.ActiveCfg = Debug|Any CPU
		{B7762F91-6B30-4B04-B4D9-546692CF8E19}.Debug|Any CPU.Build.0 = Debug|Any CPU
		{B7762F91-6B30-4B04-B4D9-546692CF8E19}.Release|Any CPU.ActiveCfg = Release|Any CPU
		{B7762F91-6B30-4B04-B4D9-546692CF8E19}.Release|Any CPU.Build.0 = Release|Any CPU
		{D1BAD7C4-2FC2-4078-BBC2-BD25461629FB}.Debug|Any CPU.ActiveCfg = Debug|Any CPU
		{D1BAD7C4-2FC2-4078-BBC2-BD25461629FB}.Debug|Any CPU.Build.0 = Debug|Any CPU
		{D1BAD7C4-2FC2-4078-BBC2-BD25461629FB}.Release|Any CPU.ActiveCfg = Release|Any CPU
		{D1BAD7C4-2FC2-4078-BBC2-BD25461629FB}.Release|Any CPU.Build.0 = Release|Any CPU
		{E5E57C2D-52A5-40B9-AE03-F2E48382CF8E}.Debug|Any CPU.ActiveCfg = Debug|Any CPU
		{E5E57C2D-52A5-40B9-AE03-F2E48382CF8E}.Debug|Any CPU.Build.0 = Debug|Any CPU
		{E5E57C2D-52A5-40B9-AE03-F2E48382CF8E}.Release|Any CPU.ActiveCfg = Release|Any CPU
		{E5E57C2D-52A5-40B9-AE03-F2E48382CF8E}.Release|Any CPU.Build.0 = Release|Any CPU
		{8F910523-164B-402C-BE00-84BF994F5688}.Debug|Any CPU.ActiveCfg = Debug|Any CPU
		{8F910523-164B-402C-BE00-84BF994F5688}.Debug|Any CPU.Build.0 = Debug|Any CPU
		{8F910523-164B-402C-BE00-84BF994F5688}.Release|Any CPU.ActiveCfg = Release|Any CPU
		{8F910523-164B-402C-BE00-84BF994F5688}.Release|Any CPU.Build.0 = Release|Any CPU
		{ABAA3BEA-AE12-41F4-A5D1-1EA13220702D}.Debug|Any CPU.ActiveCfg = Debug|Any CPU
		{ABAA3BEA-AE12-41F4-A5D1-1EA13220702D}.Debug|Any CPU.Build.0 = Debug|Any CPU
		{ABAA3BEA-AE12-41F4-A5D1-1EA13220702D}.Release|Any CPU.ActiveCfg = Release|Any CPU
		{ABAA3BEA-AE12-41F4-A5D1-1EA13220702D}.Release|Any CPU.Build.0 = Release|Any CPU
		{3BED757F-A1D1-40FD-86A2-48A8613842C9}.Debug|Any CPU.ActiveCfg = Debug|Any CPU
		{3BED757F-A1D1-40FD-86A2-48A8613842C9}.Debug|Any CPU.Build.0 = Debug|Any CPU
		{3BED757F-A1D1-40FD-86A2-48A8613842C9}.Release|Any CPU.ActiveCfg = Release|Any CPU
		{3BED757F-A1D1-40FD-86A2-48A8613842C9}.Release|Any CPU.Build.0 = Release|Any CPU
	EndGlobalSection
	GlobalSection(SolutionProperties) = preSolution
		HideSolutionNode = FALSE
	EndGlobalSection
	GlobalSection(ExtensibilityGlobals) = postSolution
		SolutionGuid = {3FC2EAB9-ADF6-4292-BBA9-40FB7DDEBBB3}
	EndGlobalSection
EndGlobal
