
Microsoft Visual Studio Solution File, Format Version 12.00
# Visual Studio 15
VisualStudioVersion = 15.0.28307.779
MinimumVisualStudioVersion = 10.0.40219.1
Project("{FAE04EC0-301F-11D3-BF4B-00C04F79EFBC}") = "clase_01.1", "clase_01.1\clase_01.1.csproj", "{02A24830-C815-42F1-BEE8-3B6F6DEF18D2}"
EndProject
Project("{FAE04EC0-301F-11D3-BF4B-00C04F79EFBC}") = "clase_01.2", "clase_01.2\clase_01.2.csproj", "{A51C4F16-6A02-46FB-9977-0D855BCFD31D}"
EndProject
Project("{FAE04EC0-301F-11D3-BF4B-00C04F79EFBC}") = "clase_02.1", "clase 02\clase_02.1.csproj", "{135CAF14-4340-407E-8D5D-FBF0908D8FD1}"
EndProject
Project("{FAE04EC0-301F-11D3-BF4B-00C04F79EFBC}") = "conversor", "Conversor\conversor.csproj", "{78AA0772-9956-4783-8FA0-09DC4957B55D}"
EndProject
Project("{FAE04EC0-301F-11D3-BF4B-00C04F79EFBC}") = "clase_02.2", "clase_02.2\clase_02.2.csproj", "{BC7C33A1-5E4C-4991-BA2F-127D14AB9DDB}"
EndProject
Project("{FAE04EC0-301F-11D3-BF4B-00C04F79EFBC}") = "clase_03", "clase_03\clase_03.csproj", "{2B631190-8AB9-434C-9AFD-2ACAFF195873}"
EndProject
Project("{FAE04EC0-301F-11D3-BF4B-00C04F79EFBC}") = "calculador", "Calculador\calculador.csproj", "{793DDC12-4DCB-4C9F-A015-EB2B4A3CCA23}"
EndProject
Project("{FAE04EC0-301F-11D3-BF4B-00C04F79EFBC}") = "clase_04.1", "clase_04\clase_04.1.csproj", "{D91BA6D0-82BD-47BA-84CF-67BC3814AFC2}"
EndProject
Project("{FAE04EC0-301F-11D3-BF4B-00C04F79EFBC}") = "clase_04.2", "clase_04.2\clase_04.2.csproj", "{CA43595C-E629-4590-BAE6-C7870B4E805E}"
EndProject
Project("{FAE04EC0-301F-11D3-BF4B-00C04F79EFBC}") = "clase_05", "clase_05\clase_05.csproj", "{6996462C-C3C7-4B1C-AD47-8D429E9AE020}"
EndProject
Global
	GlobalSection(SolutionConfigurationPlatforms) = preSolution
		Debug|Any CPU = Debug|Any CPU
		Release|Any CPU = Release|Any CPU
	EndGlobalSection
	GlobalSection(ProjectConfigurationPlatforms) = postSolution
		{02A24830-C815-42F1-BEE8-3B6F6DEF18D2}.Debug|Any CPU.ActiveCfg = Debug|Any CPU
		{02A24830-C815-42F1-BEE8-3B6F6DEF18D2}.Debug|Any CPU.Build.0 = Debug|Any CPU
		{02A24830-C815-42F1-BEE8-3B6F6DEF18D2}.Release|Any CPU.ActiveCfg = Release|Any CPU
		{02A24830-C815-42F1-BEE8-3B6F6DEF18D2}.Release|Any CPU.Build.0 = Release|Any CPU
		{A51C4F16-6A02-46FB-9977-0D855BCFD31D}.Debug|Any CPU.ActiveCfg = Debug|Any CPU
		{A51C4F16-6A02-46FB-9977-0D855BCFD31D}.Debug|Any CPU.Build.0 = Debug|Any CPU
		{A51C4F16-6A02-46FB-9977-0D855BCFD31D}.Release|Any CPU.ActiveCfg = Release|Any CPU
		{A51C4F16-6A02-46FB-9977-0D855BCFD31D}.Release|Any CPU.Build.0 = Release|Any CPU
		{135CAF14-4340-407E-8D5D-FBF0908D8FD1}.Debug|Any CPU.ActiveCfg = Debug|Any CPU
		{135CAF14-4340-407E-8D5D-FBF0908D8FD1}.Debug|Any CPU.Build.0 = Debug|Any CPU
		{135CAF14-4340-407E-8D5D-FBF0908D8FD1}.Release|Any CPU.ActiveCfg = Release|Any CPU
		{135CAF14-4340-407E-8D5D-FBF0908D8FD1}.Release|Any CPU.Build.0 = Release|Any CPU
		{78AA0772-9956-4783-8FA0-09DC4957B55D}.Debug|Any CPU.ActiveCfg = Debug|Any CPU
		{78AA0772-9956-4783-8FA0-09DC4957B55D}.Debug|Any CPU.Build.0 = Debug|Any CPU
		{78AA0772-9956-4783-8FA0-09DC4957B55D}.Release|Any CPU.ActiveCfg = Release|Any CPU
		{78AA0772-9956-4783-8FA0-09DC4957B55D}.Release|Any CPU.Build.0 = Release|Any CPU
		{BC7C33A1-5E4C-4991-BA2F-127D14AB9DDB}.Debug|Any CPU.ActiveCfg = Debug|Any CPU
		{BC7C33A1-5E4C-4991-BA2F-127D14AB9DDB}.Debug|Any CPU.Build.0 = Debug|Any CPU
		{BC7C33A1-5E4C-4991-BA2F-127D14AB9DDB}.Release|Any CPU.ActiveCfg = Release|Any CPU
		{BC7C33A1-5E4C-4991-BA2F-127D14AB9DDB}.Release|Any CPU.Build.0 = Release|Any CPU
		{2B631190-8AB9-434C-9AFD-2ACAFF195873}.Debug|Any CPU.ActiveCfg = Debug|Any CPU
		{2B631190-8AB9-434C-9AFD-2ACAFF195873}.Debug|Any CPU.Build.0 = Debug|Any CPU
		{2B631190-8AB9-434C-9AFD-2ACAFF195873}.Release|Any CPU.ActiveCfg = Release|Any CPU
		{2B631190-8AB9-434C-9AFD-2ACAFF195873}.Release|Any CPU.Build.0 = Release|Any CPU
		{793DDC12-4DCB-4C9F-A015-EB2B4A3CCA23}.Debug|Any CPU.ActiveCfg = Debug|Any CPU
		{793DDC12-4DCB-4C9F-A015-EB2B4A3CCA23}.Debug|Any CPU.Build.0 = Debug|Any CPU
		{793DDC12-4DCB-4C9F-A015-EB2B4A3CCA23}.Release|Any CPU.ActiveCfg = Release|Any CPU
		{793DDC12-4DCB-4C9F-A015-EB2B4A3CCA23}.Release|Any CPU.Build.0 = Release|Any CPU
		{D91BA6D0-82BD-47BA-84CF-67BC3814AFC2}.Debug|Any CPU.ActiveCfg = Debug|Any CPU
		{D91BA6D0-82BD-47BA-84CF-67BC3814AFC2}.Debug|Any CPU.Build.0 = Debug|Any CPU
		{D91BA6D0-82BD-47BA-84CF-67BC3814AFC2}.Release|Any CPU.ActiveCfg = Release|Any CPU
		{D91BA6D0-82BD-47BA-84CF-67BC3814AFC2}.Release|Any CPU.Build.0 = Release|Any CPU
		{CA43595C-E629-4590-BAE6-C7870B4E805E}.Debug|Any CPU.ActiveCfg = Debug|Any CPU
		{CA43595C-E629-4590-BAE6-C7870B4E805E}.Debug|Any CPU.Build.0 = Debug|Any CPU
		{CA43595C-E629-4590-BAE6-C7870B4E805E}.Release|Any CPU.ActiveCfg = Release|Any CPU
		{CA43595C-E629-4590-BAE6-C7870B4E805E}.Release|Any CPU.Build.0 = Release|Any CPU
		{6996462C-C3C7-4B1C-AD47-8D429E9AE020}.Debug|Any CPU.ActiveCfg = Debug|Any CPU
		{6996462C-C3C7-4B1C-AD47-8D429E9AE020}.Debug|Any CPU.Build.0 = Debug|Any CPU
		{6996462C-C3C7-4B1C-AD47-8D429E9AE020}.Release|Any CPU.ActiveCfg = Release|Any CPU
		{6996462C-C3C7-4B1C-AD47-8D429E9AE020}.Release|Any CPU.Build.0 = Release|Any CPU
	EndGlobalSection
	GlobalSection(SolutionProperties) = preSolution
		HideSolutionNode = FALSE
	EndGlobalSection
	GlobalSection(ExtensibilityGlobals) = postSolution
		SolutionGuid = {5AB2F85E-24E7-4510-8331-3D75A12A00C1}
	EndGlobalSection
EndGlobal
